// !$*UTF8*$!
{
	archiveVersion = 1;
	classes = {
	};
	objectVersion = 46;
	objects = {

/* Begin PBXBuildFile section */
		7D29FD6C1CCFEA2F00264F2B /* AppDelegate.swift in Sources */ = {isa = PBXBuildFile; fileRef = 7D29FD6B1CCFEA2F00264F2B /* AppDelegate.swift */; };
		7D29FD6E1CCFEA2F00264F2B /* LoginViewController.swift in Sources */ = {isa = PBXBuildFile; fileRef = 7D29FD6D1CCFEA2F00264F2B /* LoginViewController.swift */; };
		7D29FD711CCFEA2F00264F2B /* Main.storyboard in Resources */ = {isa = PBXBuildFile; fileRef = 7D29FD6F1CCFEA2F00264F2B /* Main.storyboard */; };
		7D29FD731CCFEA2F00264F2B /* Assets.xcassets in Resources */ = {isa = PBXBuildFile; fileRef = 7D29FD721CCFEA2F00264F2B /* Assets.xcassets */; };
		7D29FD761CCFEA2F00264F2B /* LaunchScreen.storyboard in Resources */ = {isa = PBXBuildFile; fileRef = 7D29FD741CCFEA2F00264F2B /* LaunchScreen.storyboard */; };
		7D29FD811CCFEA2F00264F2B /* On_the_MapTests.swift in Sources */ = {isa = PBXBuildFile; fileRef = 7D29FD801CCFEA2F00264F2B /* On_the_MapTests.swift */; };
		7D29FD8C1CCFEA2F00264F2B /* On_the_MapUITests.swift in Sources */ = {isa = PBXBuildFile; fileRef = 7D29FD8B1CCFEA2F00264F2B /* On_the_MapUITests.swift */; };
		7D29FD9E1CD0307600264F2B /* HttpClient.swift in Sources */ = {isa = PBXBuildFile; fileRef = 7D29FD9D1CD0307600264F2B /* HttpClient.swift */; };
		7D29FDA21CD0308900264F2B /* UdacityClient.swift in Sources */ = {isa = PBXBuildFile; fileRef = 7D29FDA11CD0308900264F2B /* UdacityClient.swift */; };
		7D29FDA51CD1582900264F2B /* FBSDKCoreKit.framework in Frameworks */ = {isa = PBXBuildFile; fileRef = 7D29FDA41CD1582900264F2B /* FBSDKCoreKit.framework */; };
		7D29FDA71CD15B5000264F2B /* FBSDKLoginKit.framework in Frameworks */ = {isa = PBXBuildFile; fileRef = 7D29FDA61CD15B5000264F2B /* FBSDKLoginKit.framework */; };
		7D3236F91CD18AC700011A22 /* MapViewController.swift in Sources */ = {isa = PBXBuildFile; fileRef = 7D3236F81CD18AC700011A22 /* MapViewController.swift */; };
		7D3236FB1CD18B1500011A22 /* PinListViewController.swift in Sources */ = {isa = PBXBuildFile; fileRef = 7D3236FA1CD18B1500011A22 /* PinListViewController.swift */; };
		7D3236FD1CD18BF700011A22 /* TabBarViewController.swift in Sources */ = {isa = PBXBuildFile; fileRef = 7D3236FC1CD18BF700011A22 /* TabBarViewController.swift */; };
		7D3236FF1CD199F800011A22 /* MapKit.framework in Frameworks */ = {isa = PBXBuildFile; fileRef = 7D3236FE1CD199F800011A22 /* MapKit.framework */; };
		7D3237041CD2C75F00011A22 /* ParseClient.swift in Sources */ = {isa = PBXBuildFile; fileRef = 7D3237031CD2C75F00011A22 /* ParseClient.swift */; };
		7D3237061CD31E1D00011A22 /* StudentLocation.swift in Sources */ = {isa = PBXBuildFile; fileRef = 7D3237051CD31E1D00011A22 /* StudentLocation.swift */; };
/* End PBXBuildFile section */

/* Begin PBXContainerItemProxy section */
		7D29FD7D1CCFEA2F00264F2B /* PBXContainerItemProxy */ = {
			isa = PBXContainerItemProxy;
			containerPortal = 7D29FD601CCFEA2F00264F2B /* Project object */;
			proxyType = 1;
			remoteGlobalIDString = 7D29FD671CCFEA2F00264F2B;
			remoteInfo = "On the Map";
		};
		7D29FD881CCFEA2F00264F2B /* PBXContainerItemProxy */ = {
			isa = PBXContainerItemProxy;
			containerPortal = 7D29FD601CCFEA2F00264F2B /* Project object */;
			proxyType = 1;
			remoteGlobalIDString = 7D29FD671CCFEA2F00264F2B;
			remoteInfo = "On the Map";
		};
/* End PBXContainerItemProxy section */

/* Begin PBXFileReference section */
		7D29FD681CCFEA2F00264F2B /* On the Map.app */ = {isa = PBXFileReference; explicitFileType = wrapper.application; includeInIndex = 0; path = "On the Map.app"; sourceTree = BUILT_PRODUCTS_DIR; };
		7D29FD6B1CCFEA2F00264F2B /* AppDelegate.swift */ = {isa = PBXFileReference; lastKnownFileType = sourcecode.swift; path = AppDelegate.swift; sourceTree = "<group>"; };
		7D29FD6D1CCFEA2F00264F2B /* LoginViewController.swift */ = {isa = PBXFileReference; lastKnownFileType = sourcecode.swift; path = LoginViewController.swift; sourceTree = "<group>"; };
		7D29FD701CCFEA2F00264F2B /* Base */ = {isa = PBXFileReference; lastKnownFileType = file.storyboard; name = Base; path = Base.lproj/Main.storyboard; sourceTree = "<group>"; };
		7D29FD721CCFEA2F00264F2B /* Assets.xcassets */ = {isa = PBXFileReference; lastKnownFileType = folder.assetcatalog; path = Assets.xcassets; sourceTree = "<group>"; };
		7D29FD751CCFEA2F00264F2B /* Base */ = {isa = PBXFileReference; lastKnownFileType = file.storyboard; name = Base; path = Base.lproj/LaunchScreen.storyboard; sourceTree = "<group>"; };
		7D29FD771CCFEA2F00264F2B /* Info.plist */ = {isa = PBXFileReference; lastKnownFileType = text.plist.xml; path = Info.plist; sourceTree = "<group>"; };
		7D29FD7C1CCFEA2F00264F2B /* On the MapTests.xctest */ = {isa = PBXFileReference; explicitFileType = wrapper.cfbundle; includeInIndex = 0; path = "On the MapTests.xctest"; sourceTree = BUILT_PRODUCTS_DIR; };
		7D29FD801CCFEA2F00264F2B /* On_the_MapTests.swift */ = {isa = PBXFileReference; lastKnownFileType = sourcecode.swift; path = On_the_MapTests.swift; sourceTree = "<group>"; };
		7D29FD821CCFEA2F00264F2B /* Info.plist */ = {isa = PBXFileReference; lastKnownFileType = text.plist.xml; path = Info.plist; sourceTree = "<group>"; };
		7D29FD871CCFEA2F00264F2B /* On the MapUITests.xctest */ = {isa = PBXFileReference; explicitFileType = wrapper.cfbundle; includeInIndex = 0; path = "On the MapUITests.xctest"; sourceTree = BUILT_PRODUCTS_DIR; };
		7D29FD8B1CCFEA2F00264F2B /* On_the_MapUITests.swift */ = {isa = PBXFileReference; lastKnownFileType = sourcecode.swift; path = On_the_MapUITests.swift; sourceTree = "<group>"; };
		7D29FD8D1CCFEA2F00264F2B /* Info.plist */ = {isa = PBXFileReference; lastKnownFileType = text.plist.xml; path = Info.plist; sourceTree = "<group>"; };
		7D29FD9D1CD0307600264F2B /* HttpClient.swift */ = {isa = PBXFileReference; fileEncoding = 4; lastKnownFileType = sourcecode.swift; path = HttpClient.swift; sourceTree = "<group>"; };
		7D29FDA11CD0308900264F2B /* UdacityClient.swift */ = {isa = PBXFileReference; fileEncoding = 4; lastKnownFileType = sourcecode.swift; path = UdacityClient.swift; sourceTree = "<group>"; };
		7D29FDA41CD1582900264F2B /* FBSDKCoreKit.framework */ = {isa = PBXFileReference; lastKnownFileType = wrapper.framework; name = FBSDKCoreKit.framework; path = "../../../Documents/FacebookSDKs-iOS-20160412/FBSDKCoreKit.framework"; sourceTree = "<group>"; };
		7D29FDA61CD15B5000264F2B /* FBSDKLoginKit.framework */ = {isa = PBXFileReference; lastKnownFileType = wrapper.framework; name = FBSDKLoginKit.framework; path = "../../../Documents/FacebookSDKs-iOS-20160412/FBSDKLoginKit.framework"; sourceTree = "<group>"; };
		7D3236F81CD18AC700011A22 /* MapViewController.swift */ = {isa = PBXFileReference; fileEncoding = 4; lastKnownFileType = sourcecode.swift; path = MapViewController.swift; sourceTree = "<group>"; };
		7D3236FA1CD18B1500011A22 /* PinListViewController.swift */ = {isa = PBXFileReference; fileEncoding = 4; lastKnownFileType = sourcecode.swift; path = PinListViewController.swift; sourceTree = "<group>"; };
		7D3236FC1CD18BF700011A22 /* TabBarViewController.swift */ = {isa = PBXFileReference; fileEncoding = 4; lastKnownFileType = sourcecode.swift; path = TabBarViewController.swift; sourceTree = "<group>"; };
		7D3236FE1CD199F800011A22 /* MapKit.framework */ = {isa = PBXFileReference; lastKnownFileType = wrapper.framework; name = MapKit.framework; path = System/Library/Frameworks/MapKit.framework; sourceTree = SDKROOT; };
		7D3237031CD2C75F00011A22 /* ParseClient.swift */ = {isa = PBXFileReference; fileEncoding = 4; lastKnownFileType = sourcecode.swift; path = ParseClient.swift; sourceTree = "<group>"; };
		7D3237051CD31E1D00011A22 /* StudentLocation.swift */ = {isa = PBXFileReference; fileEncoding = 4; lastKnownFileType = sourcecode.swift; path = StudentLocation.swift; sourceTree = "<group>"; };
/* End PBXFileReference section */

/* Begin PBXFrameworksBuildPhase section */
		7D29FD651CCFEA2F00264F2B /* Frameworks */ = {
			isa = PBXFrameworksBuildPhase;
			buildActionMask = 2147483647;
			files = (
				7D29FDA71CD15B5000264F2B /* FBSDKLoginKit.framework in Frameworks */,
				7D3236FF1CD199F800011A22 /* MapKit.framework in Frameworks */,
				7D29FDA51CD1582900264F2B /* FBSDKCoreKit.framework in Frameworks */,
			);
			runOnlyForDeploymentPostprocessing = 0;
		};
		7D29FD791CCFEA2F00264F2B /* Frameworks */ = {
			isa = PBXFrameworksBuildPhase;
			buildActionMask = 2147483647;
			files = (
			);
			runOnlyForDeploymentPostprocessing = 0;
		};
		7D29FD841CCFEA2F00264F2B /* Frameworks */ = {
			isa = PBXFrameworksBuildPhase;
			buildActionMask = 2147483647;
			files = (
			);
			runOnlyForDeploymentPostprocessing = 0;
		};
/* End PBXFrameworksBuildPhase section */

/* Begin PBXGroup section */
		7D29FD5F1CCFEA2F00264F2B = {
			isa = PBXGroup;
			children = (
				7D29FD6A1CCFEA2F00264F2B /* On the Map */,
				7D29FD9C1CD0306900264F2B /* Clients */,
				7D29FD7F1CCFEA2F00264F2B /* On the MapTests */,
				7D29FD8A1CCFEA2F00264F2B /* On the MapUITests */,
				7D29FD691CCFEA2F00264F2B /* Products */,
				7D29FDA31CD157BE00264F2B /* Frameworks */,
			);
			sourceTree = "<group>";
		};
		7D29FD691CCFEA2F00264F2B /* Products */ = {
			isa = PBXGroup;
			children = (
				7D29FD681CCFEA2F00264F2B /* On the Map.app */,
				7D29FD7C1CCFEA2F00264F2B /* On the MapTests.xctest */,
				7D29FD871CCFEA2F00264F2B /* On the MapUITests.xctest */,
			);
			name = Products;
			sourceTree = "<group>";
		};
		7D29FD6A1CCFEA2F00264F2B /* On the Map */ = {
			isa = PBXGroup;
			children = (
				7D29FD991CD0302200264F2B /* Model */,
				7D29FD9A1CD0302C00264F2B /* View */,
				7D29FD9B1CD0304600264F2B /* Controller */,
				7D29FD6B1CCFEA2F00264F2B /* AppDelegate.swift */,
				7D29FD6F1CCFEA2F00264F2B /* Main.storyboard */,
				7D29FD721CCFEA2F00264F2B /* Assets.xcassets */,
				7D29FD741CCFEA2F00264F2B /* LaunchScreen.storyboard */,
				7D29FD771CCFEA2F00264F2B /* Info.plist */,
			);
			path = "On the Map";
			sourceTree = "<group>";
		};
		7D29FD7F1CCFEA2F00264F2B /* On the MapTests */ = {
			isa = PBXGroup;
			children = (
				7D29FD801CCFEA2F00264F2B /* On_the_MapTests.swift */,
				7D29FD821CCFEA2F00264F2B /* Info.plist */,
			);
			path = "On the MapTests";
			sourceTree = "<group>";
		};
		7D29FD8A1CCFEA2F00264F2B /* On the MapUITests */ = {
			isa = PBXGroup;
			children = (
				7D29FD8B1CCFEA2F00264F2B /* On_the_MapUITests.swift */,
				7D29FD8D1CCFEA2F00264F2B /* Info.plist */,
			);
			path = "On the MapUITests";
			sourceTree = "<group>";
		};
		7D29FD991CD0302200264F2B /* Model */ = {
			isa = PBXGroup;
			children = (
				7D3237051CD31E1D00011A22 /* StudentLocation.swift */,
			);
			name = Model;
			sourceTree = "<group>";
		};
		7D29FD9A1CD0302C00264F2B /* View */ = {
			isa = PBXGroup;
			children = (
			);
			name = View;
			sourceTree = "<group>";
		};
		7D29FD9B1CD0304600264F2B /* Controller */ = {
			isa = PBXGroup;
			children = (
				7D29FD6D1CCFEA2F00264F2B /* LoginViewController.swift */,
				7D3236FC1CD18BF700011A22 /* TabBarViewController.swift */,
				7D3236F81CD18AC700011A22 /* MapViewController.swift */,
				7D3236FA1CD18B1500011A22 /* PinListViewController.swift */,
			);
			name = Controller;
			sourceTree = "<group>";
		};
		7D29FD9C1CD0306900264F2B /* Clients */ = {
			isa = PBXGroup;
			children = (
				7D3237001CD2C6FE00011A22 /* Parse */,
				7D29FDA01CD0307E00264F2B /* Udacity */,
				7D29FD9D1CD0307600264F2B /* HttpClient.swift */,
			);
			name = Clients;
			path = "On the Map";
			sourceTree = "<group>";
		};
		7D29FDA01CD0307E00264F2B /* Udacity */ = {
			isa = PBXGroup;
			children = (
				7D29FDA11CD0308900264F2B /* UdacityClient.swift */,
			);
			name = Udacity;
			sourceTree = "<group>";
		};
		7D29FDA31CD157BE00264F2B /* Frameworks */ = {
			isa = PBXGroup;
			children = (
				7D3236FE1CD199F800011A22 /* MapKit.framework */,
				7D29FDA61CD15B5000264F2B /* FBSDKLoginKit.framework */,
				7D29FDA41CD1582900264F2B /* FBSDKCoreKit.framework */,
			);
			name = Frameworks;
			sourceTree = "<group>";
		};
		7D3237001CD2C6FE00011A22 /* Parse */ = {
			isa = PBXGroup;
			children = (
				7D3237031CD2C75F00011A22 /* ParseClient.swift */,
			);
			name = Parse;
			sourceTree = "<group>";
		};
/* End PBXGroup section */

/* Begin PBXNativeTarget section */
		7D29FD671CCFEA2F00264F2B /* On the Map */ = {
			isa = PBXNativeTarget;
			buildConfigurationList = 7D29FD901CCFEA2F00264F2B /* Build configuration list for PBXNativeTarget "On the Map" */;
			buildPhases = (
				7D29FD641CCFEA2F00264F2B /* Sources */,
				7D29FD651CCFEA2F00264F2B /* Frameworks */,
				7D29FD661CCFEA2F00264F2B /* Resources */,
			);
			buildRules = (
			);
			dependencies = (
			);
			name = "On the Map";
			productName = "On the Map";
			productReference = 7D29FD681CCFEA2F00264F2B /* On the Map.app */;
			productType = "com.apple.product-type.application";
		};
		7D29FD7B1CCFEA2F00264F2B /* On the MapTests */ = {
			isa = PBXNativeTarget;
			buildConfigurationList = 7D29FD931CCFEA2F00264F2B /* Build configuration list for PBXNativeTarget "On the MapTests" */;
			buildPhases = (
				7D29FD781CCFEA2F00264F2B /* Sources */,
				7D29FD791CCFEA2F00264F2B /* Frameworks */,
				7D29FD7A1CCFEA2F00264F2B /* Resources */,
			);
			buildRules = (
			);
			dependencies = (
				7D29FD7E1CCFEA2F00264F2B /* PBXTargetDependency */,
			);
			name = "On the MapTests";
			productName = "On the MapTests";
			productReference = 7D29FD7C1CCFEA2F00264F2B /* On the MapTests.xctest */;
			productType = "com.apple.product-type.bundle.unit-test";
		};
		7D29FD861CCFEA2F00264F2B /* On the MapUITests */ = {
			isa = PBXNativeTarget;
			buildConfigurationList = 7D29FD961CCFEA2F00264F2B /* Build configuration list for PBXNativeTarget "On the MapUITests" */;
			buildPhases = (
				7D29FD831CCFEA2F00264F2B /* Sources */,
				7D29FD841CCFEA2F00264F2B /* Frameworks */,
				7D29FD851CCFEA2F00264F2B /* Resources */,
			);
			buildRules = (
			);
			dependencies = (
				7D29FD891CCFEA2F00264F2B /* PBXTargetDependency */,
			);
			name = "On the MapUITests";
			productName = "On the MapUITests";
			productReference = 7D29FD871CCFEA2F00264F2B /* On the MapUITests.xctest */;
			productType = "com.apple.product-type.bundle.ui-testing";
		};
/* End PBXNativeTarget section */

/* Begin PBXProject section */
		7D29FD601CCFEA2F00264F2B /* Project object */ = {
			isa = PBXProject;
			attributes = {
				LastSwiftUpdateCheck = 0730;
				LastUpgradeCheck = 0730;
				ORGANIZATIONNAME = "Franklin Pearsall";
				TargetAttributes = {
					7D29FD671CCFEA2F00264F2B = {
						CreatedOnToolsVersion = 7.3;
						SystemCapabilities = {
							com.apple.Maps.iOS = {
								enabled = 1;
							};
						};
					};
					7D29FD7B1CCFEA2F00264F2B = {
						CreatedOnToolsVersion = 7.3;
						TestTargetID = 7D29FD671CCFEA2F00264F2B;
					};
					7D29FD861CCFEA2F00264F2B = {
						CreatedOnToolsVersion = 7.3;
						TestTargetID = 7D29FD671CCFEA2F00264F2B;
					};
				};
			};
			buildConfigurationList = 7D29FD631CCFEA2F00264F2B /* Build configuration list for PBXProject "On the Map" */;
			compatibilityVersion = "Xcode 3.2";
			developmentRegion = English;
			hasScannedForEncodings = 0;
			knownRegions = (
				en,
				Base,
			);
			mainGroup = 7D29FD5F1CCFEA2F00264F2B;
			productRefGroup = 7D29FD691CCFEA2F00264F2B /* Products */;
			projectDirPath = "";
			projectRoot = "";
			targets = (
				7D29FD671CCFEA2F00264F2B /* On the Map */,
				7D29FD7B1CCFEA2F00264F2B /* On the MapTests */,
				7D29FD861CCFEA2F00264F2B /* On the MapUITests */,
			);
		};
/* End PBXProject section */

/* Begin PBXResourcesBuildPhase section */
		7D29FD661CCFEA2F00264F2B /* Resources */ = {
			isa = PBXResourcesBuildPhase;
			buildActionMask = 2147483647;
			files = (
				7D29FD761CCFEA2F00264F2B /* LaunchScreen.storyboard in Resources */,
				7D29FD731CCFEA2F00264F2B /* Assets.xcassets in Resources */,
				7D29FD711CCFEA2F00264F2B /* Main.storyboard in Resources */,
			);
			runOnlyForDeploymentPostprocessing = 0;
		};
		7D29FD7A1CCFEA2F00264F2B /* Resources */ = {
			isa = PBXResourcesBuildPhase;
			buildActionMask = 2147483647;
			files = (
			);
			runOnlyForDeploymentPostprocessing = 0;
		};
		7D29FD851CCFEA2F00264F2B /* Resources */ = {
			isa = PBXResourcesBuildPhase;
			buildActionMask = 2147483647;
			files = (
			);
			runOnlyForDeploymentPostprocessing = 0;
		};
/* End PBXResourcesBuildPhase section */

/* Begin PBXSourcesBuildPhase section */
		7D29FD641CCFEA2F00264F2B /* Sources */ = {
			isa = PBXSourcesBuildPhase;
			buildActionMask = 2147483647;
			files = (
				7D29FDA21CD0308900264F2B /* UdacityClient.swift in Sources */,
				7D29FD6E1CCFEA2F00264F2B /* LoginViewController.swift in Sources */,
				7D3236FB1CD18B1500011A22 /* PinListViewController.swift in Sources */,
				7D29FD9E1CD0307600264F2B /* HttpClient.swift in Sources */,
				7D3236FD1CD18BF700011A22 /* TabBarViewController.swift in Sources */,
				7D3236F91CD18AC700011A22 /* MapViewController.swift in Sources */,
				7D3237041CD2C75F00011A22 /* ParseClient.swift in Sources */,
				7D29FD6C1CCFEA2F00264F2B /* AppDelegate.swift in Sources */,
				7D3237061CD31E1D00011A22 /* StudentLocation.swift in Sources */,
			);
			runOnlyForDeploymentPostprocessing = 0;
		};
		7D29FD781CCFEA2F00264F2B /* Sources */ = {
			isa = PBXSourcesBuildPhase;
			buildActionMask = 2147483647;
			files = (
				7D29FD811CCFEA2F00264F2B /* On_the_MapTests.swift in Sources */,
			);
			runOnlyForDeploymentPostprocessing = 0;
		};
		7D29FD831CCFEA2F00264F2B /* Sources */ = {
			isa = PBXSourcesBuildPhase;
			buildActionMask = 2147483647;
			files = (
				7D29FD8C1CCFEA2F00264F2B /* On_the_MapUITests.swift in Sources */,
			);
			runOnlyForDeploymentPostprocessing = 0;
		};
/* End PBXSourcesBuildPhase section */

/* Begin PBXTargetDependency section */
		7D29FD7E1CCFEA2F00264F2B /* PBXTargetDependency */ = {
			isa = PBXTargetDependency;
			target = 7D29FD671CCFEA2F00264F2B /* On the Map */;
			targetProxy = 7D29FD7D1CCFEA2F00264F2B /* PBXContainerItemProxy */;
		};
		7D29FD891CCFEA2F00264F2B /* PBXTargetDependency */ = {
			isa = PBXTargetDependency;
			target = 7D29FD671CCFEA2F00264F2B /* On the Map */;
			targetProxy = 7D29FD881CCFEA2F00264F2B /* PBXContainerItemProxy */;
		};
/* End PBXTargetDependency section */

/* Begin PBXVariantGroup section */
		7D29FD6F1CCFEA2F00264F2B /* Main.storyboard */ = {
			isa = PBXVariantGroup;
			children = (
				7D29FD701CCFEA2F00264F2B /* Base */,
			);
			name = Main.storyboard;
			sourceTree = "<group>";
		};
		7D29FD741CCFEA2F00264F2B /* LaunchScreen.storyboard */ = {
			isa = PBXVariantGroup;
			children = (
				7D29FD751CCFEA2F00264F2B /* Base */,
			);
			name = LaunchScreen.storyboard;
			sourceTree = "<group>";
		};
/* End PBXVariantGroup section */

/* Begin XCBuildConfiguration section */
		7D29FD8E1CCFEA2F00264F2B /* Debug */ = {
			isa = XCBuildConfiguration;
			buildSettings = {
				ALWAYS_SEARCH_USER_PATHS = NO;
				CLANG_ANALYZER_NONNULL = YES;
				CLANG_CXX_LANGUAGE_STANDARD = "gnu++0x";
				CLANG_CXX_LIBRARY = "libc++";
				CLANG_ENABLE_MODULES = YES;
				CLANG_ENABLE_OBJC_ARC = YES;
				CLANG_WARN_BOOL_CONVERSION = YES;
				CLANG_WARN_CONSTANT_CONVERSION = YES;
				CLANG_WARN_DIRECT_OBJC_ISA_USAGE = YES_ERROR;
				CLANG_WARN_EMPTY_BODY = YES;
				CLANG_WARN_ENUM_CONVERSION = YES;
				CLANG_WARN_INT_CONVERSION = YES;
				CLANG_WARN_OBJC_ROOT_CLASS = YES_ERROR;
				CLANG_WARN_UNREACHABLE_CODE = YES;
				CLANG_WARN__DUPLICATE_METHOD_MATCH = YES;
				"CODE_SIGN_IDENTITY[sdk=iphoneos*]" = "iPhone Developer";
				COPY_PHASE_STRIP = NO;
				DEBUG_INFORMATION_FORMAT = dwarf;
				ENABLE_STRICT_OBJC_MSGSEND = YES;
				ENABLE_TESTABILITY = YES;
				GCC_C_LANGUAGE_STANDARD = gnu99;
				GCC_DYNAMIC_NO_PIC = NO;
				GCC_NO_COMMON_BLOCKS = YES;
				GCC_OPTIMIZATION_LEVEL = 0;
				GCC_PREPROCESSOR_DEFINITIONS = (
					"DEBUG=1",
					"$(inherited)",
				);
				GCC_WARN_64_TO_32_BIT_CONVERSION = YES;
				GCC_WARN_ABOUT_RETURN_TYPE = YES_ERROR;
				GCC_WARN_UNDECLARED_SELECTOR = YES;
				GCC_WARN_UNINITIALIZED_AUTOS = YES_AGGRESSIVE;
				GCC_WARN_UNUSED_FUNCTION = YES;
				GCC_WARN_UNUSED_VARIABLE = YES;
				IPHONEOS_DEPLOYMENT_TARGET = 9.3;
				MTL_ENABLE_DEBUG_INFO = YES;
				ONLY_ACTIVE_ARCH = YES;
				SDKROOT = iphoneos;
				SWIFT_OPTIMIZATION_LEVEL = "-Onone";
			};
			name = Debug;
		};
		7D29FD8F1CCFEA2F00264F2B /* Release */ = {
			isa = XCBuildConfiguration;
			buildSettings = {
				ALWAYS_SEARCH_USER_PATHS = NO;
				CLANG_ANALYZER_NONNULL = YES;
				CLANG_CXX_LANGUAGE_STANDARD = "gnu++0x";
				CLANG_CXX_LIBRARY = "libc++";
				CLANG_ENABLE_MODULES = YES;
				CLANG_ENABLE_OBJC_ARC = YES;
				CLANG_WARN_BOOL_CONVERSION = YES;
				CLANG_WARN_CONSTANT_CONVERSION = YES;
				CLANG_WARN_DIRECT_OBJC_ISA_USAGE = YES_ERROR;
				CLANG_WARN_EMPTY_BODY = YES;
				CLANG_WARN_ENUM_CONVERSION = YES;
				CLANG_WARN_INT_CONVERSION = YES;
				CLANG_WARN_OBJC_ROOT_CLASS = YES_ERROR;
				CLANG_WARN_UNREACHABLE_CODE = YES;
				CLANG_WARN__DUPLICATE_METHOD_MATCH = YES;
				"CODE_SIGN_IDENTITY[sdk=iphoneos*]" = "iPhone Developer";
				COPY_PHASE_STRIP = NO;
				DEBUG_INFORMATION_FORMAT = "dwarf-with-dsym";
				ENABLE_NS_ASSERTIONS = NO;
				ENABLE_STRICT_OBJC_MSGSEND = YES;
				GCC_C_LANGUAGE_STANDARD = gnu99;
				GCC_NO_COMMON_BLOCKS = YES;
				GCC_WARN_64_TO_32_BIT_CONVERSION = YES;
				GCC_WARN_ABOUT_RETURN_TYPE = YES_ERROR;
				GCC_WARN_UNDECLARED_SELECTOR = YES;
				GCC_WARN_UNINITIALIZED_AUTOS = YES_AGGRESSIVE;
				GCC_WARN_UNUSED_FUNCTION = YES;
				GCC_WARN_UNUSED_VARIABLE = YES;
				IPHONEOS_DEPLOYMENT_TARGET = 9.3;
				MTL_ENABLE_DEBUG_INFO = NO;
				SDKROOT = iphoneos;
				VALIDATE_PRODUCT = YES;
			};
			name = Release;
		};
		7D29FD911CCFEA2F00264F2B /* Debug */ = {
			isa = XCBuildConfiguration;
			buildSettings = {
				ASSETCATALOG_COMPILER_APPICON_NAME = AppIcon;
				FRAMEWORK_SEARCH_PATHS = "/Users/Franklin/Documents/FacebookSDKs-iOS-20160412";
				INFOPLIST_FILE = "On the Map/Info.plist";
				LD_RUNPATH_SEARCH_PATHS = "$(inherited) @executable_path/Frameworks";
				PRODUCT_BUNDLE_IDENTIFIER = "com.flp.On-the-Map";
				PRODUCT_NAME = "$(TARGET_NAME)";
			};
			name = Debug;
		};
		7D29FD921CCFEA2F00264F2B /* Release */ = {
			isa = XCBuildConfiguration;
			buildSettings = {
				ASSETCATALOG_COMPILER_APPICON_NAME = AppIcon;
				FRAMEWORK_SEARCH_PATHS = "/Users/Franklin/Documents/FacebookSDKs-iOS-20160412";
				INFOPLIST_FILE = "On the Map/Info.plist";
				LD_RUNPATH_SEARCH_PATHS = "$(inherited) @executable_path/Frameworks";
				PRODUCT_BUNDLE_IDENTIFIER = "com.flp.On-the-Map";
				PRODUCT_NAME = "$(TARGET_NAME)";
			};
			name = Release;
		};
		7D29FD941CCFEA2F00264F2B /* Debug */ = {
			isa = XCBuildConfiguration;
			buildSettings = {
				BUNDLE_LOADER = "$(TEST_HOST)";
				INFOPLIST_FILE = "On the MapTests/Info.plist";
				LD_RUNPATH_SEARCH_PATHS = "$(inherited) @executable_path/Frameworks @loader_path/Frameworks";
				PRODUCT_BUNDLE_IDENTIFIER = "com.flp.On-the-MapTests";
				PRODUCT_NAME = "$(TARGET_NAME)";
				TEST_HOST = "$(BUILT_PRODUCTS_DIR)/On the Map.app/On the Map";
			};
			name = Debug;
		};
		7D29FD951CCFEA2F00264F2B /* Release */ = {
			isa = XCBuildConfiguration;
			buildSettings = {
				BUNDLE_LOADER = "$(TEST_HOST)";
				INFOPLIST_FILE = "On the MapTests/Info.plist";
				LD_RUNPATH_SEARCH_PATHS = "$(inherited) @executable_path/Frameworks @loader_path/Frameworks";
				PRODUCT_BUNDLE_IDENTIFIER = "com.flp.On-the-MapTests";
				PRODUCT_NAME = "$(TARGET_NAME)";
				TEST_HOST = "$(BUILT_PRODUCTS_DIR)/On the Map.app/On the Map";
			};
			name = Release;
		};
		7D29FD971CCFEA2F00264F2B /* Debug */ = {
			isa = XCBuildConfiguration;
			buildSettings = {
				INFOPLIST_FILE = "On the MapUITests/Info.plist";
				LD_RUNPATH_SEARCH_PATHS = "$(inherited) @executable_path/Frameworks @loader_path/Frameworks";
				PRODUCT_BUNDLE_IDENTIFIER = "com.flp.On-the-MapUITests";
				PRODUCT_NAME = "$(TARGET_NAME)";
				TEST_TARGET_NAME = "On the Map";
			};
			name = Debug;
		};
		7D29FD981CCFEA2F00264F2B /* Release */ = {
			isa = XCBuildConfiguration;
			buildSettings = {
				INFOPLIST_FILE = "On the MapUITests/Info.plist";
				LD_RUNPATH_SEARCH_PATHS = "$(inherited) @executable_path/Frameworks @loader_path/Frameworks";
				PRODUCT_BUNDLE_IDENTIFIER = "com.flp.On-the-MapUITests";
				PRODUCT_NAME = "$(TARGET_NAME)";
				TEST_TARGET_NAME = "On the Map";
			};
			name = Release;
		};
/* End XCBuildConfiguration section */

/* Begin XCConfigurationList section */
		7D29FD631CCFEA2F00264F2B /* Build configuration list for PBXProject "On the Map" */ = {
			isa = XCConfigurationList;
			buildConfigurations = (
				7D29FD8E1CCFEA2F00264F2B /* Debug */,
				7D29FD8F1CCFEA2F00264F2B /* Release */,
			);
			defaultConfigurationIsVisible = 0;
			defaultConfigurationName = Release;
		};
		7D29FD901CCFEA2F00264F2B /* Build configuration list for PBXNativeTarget "On the Map" */ = {
			isa = XCConfigurationList;
			buildConfigurations = (
				7D29FD911CCFEA2F00264F2B /* Debug */,
				7D29FD921CCFEA2F00264F2B /* Release */,
			);
			defaultConfigurationIsVisible = 0;
			defaultConfigurationName = Release;
		};
		7D29FD931CCFEA2F00264F2B /* Build configuration list for PBXNativeTarget "On the MapTests" */ = {
			isa = XCConfigurationList;
			buildConfigurations = (
				7D29FD941CCFEA2F00264F2B /* Debug */,
				7D29FD951CCFEA2F00264F2B /* Release */,
			);
			defaultConfigurationIsVisible = 0;
			defaultConfigurationName = Release;
		};
		7D29FD961CCFEA2F00264F2B /* Build configuration list for PBXNativeTarget "On the MapUITests" */ = {
			isa = XCConfigurationList;
			buildConfigurations = (
				7D29FD971CCFEA2F00264F2B /* Debug */,
				7D29FD981CCFEA2F00264F2B /* Release */,
			);
			defaultConfigurationIsVisible = 0;
			defaultConfigurationName = Release;
		};
/* End XCConfigurationList section */
	};
	rootObject = 7D29FD601CCFEA2F00264F2B /* Project object */;
}
